# Generated by pub
# See http://pub.dartlang.org/doc/glossary.html#lockfile

{"packages":{"dartling":{"version":"0.1.0","source":"git","description":{"url":"git://github.com/dzenanr/dartling.git","ref":null,"resolved-ref":"44931ee80fde1f18d6e8a2f714aab602e19e2196"}},"browser":{"version":"0.4.5+1","source":"hosted","description":"browser"},"unittest":{"version":"0.4.5+1","source":"hosted","description":"unittest"},"meta":{"version":"0.4.5+1","source":"hosted","description":"meta"}}}
